// !$*UTF8*$!
{
	archiveVersion = 1;
	classes = {
	};
	objectVersion = 51;
	objects = {

/* Begin PBXBuildFile section */
		25D2670223ED3FA500BE1941 /* TabButtonCell.swift in Sources */ = {isa = PBXBuildFile; fileRef = 25D2670023ED3FA500BE1941 /* TabButtonCell.swift */; };
		25D2670323ED3FA500BE1941 /* TabButtonCell.xib in Resources */ = {isa = PBXBuildFile; fileRef = 25D2670123ED3FA500BE1941 /* TabButtonCell.xib */; };
		25FF13AA23FB905400B648F3 /* CAGradientLayer+Extension.swift in Sources */ = {isa = PBXBuildFile; fileRef = 25FF13A923FB905400B648F3 /* CAGradientLayer+Extension.swift */; };
		751586EAF8F9871273CD1A7A /* Pods_Druwa.framework in Frameworks */ = {isa = PBXBuildFile; fileRef = 710692C0C4A26BFC2BEE1622 /* Pods_Druwa.framework */; };
		EE0664C32400AABD003C976C /* DramaService.swift in Sources */ = {isa = PBXBuildFile; fileRef = EE0664C22400AABD003C976C /* DramaService.swift */; };
		EE0664C52400AAE4003C976C /* DramaModel.swift in Sources */ = {isa = PBXBuildFile; fileRef = EE0664C42400AAE4003C976C /* DramaModel.swift */; };
		EE0664C82400BEAB003C976C /* EpisodeService.swift in Sources */ = {isa = PBXBuildFile; fileRef = EE0664C72400BEAB003C976C /* EpisodeService.swift */; };
		EE0664CA2400BEBA003C976C /* EpisodeModel.swift in Sources */ = {isa = PBXBuildFile; fileRef = EE0664C92400BEBA003C976C /* EpisodeModel.swift */; };
		EE0D6A7C23F18CA4007A0A61 /* PlayerView.swift in Sources */ = {isa = PBXBuildFile; fileRef = EE0D6A7A23F18CA4007A0A61 /* PlayerView.swift */; };
		EE0D6A7D23F18CA4007A0A61 /* PlayerView.xib in Resources */ = {isa = PBXBuildFile; fileRef = EE0D6A7B23F18CA4007A0A61 /* PlayerView.xib */; };
		EE1B3BF923B260650031A604 /* AppDelegate.swift in Sources */ = {isa = PBXBuildFile; fileRef = EE1B3BF823B260650031A604 /* AppDelegate.swift */; };
		EE1B3C0023B260650031A604 /* Main.storyboard in Resources */ = {isa = PBXBuildFile; fileRef = EE1B3BFE23B260650031A604 /* Main.storyboard */; };
		EE1B3C0223B260670031A604 /* Assets.xcassets in Resources */ = {isa = PBXBuildFile; fileRef = EE1B3C0123B260670031A604 /* Assets.xcassets */; };
		EE1B3C0523B260670031A604 /* LaunchScreen.storyboard in Resources */ = {isa = PBXBuildFile; fileRef = EE1B3C0323B260670031A604 /* LaunchScreen.storyboard */; };
		EE1C071323DAE3CA00D0716D /* UIColor+Additions.swift in Sources */ = {isa = PBXBuildFile; fileRef = EE1C071223DAE3CA00D0716D /* UIColor+Additions.swift */; };
		EE1C071623DAE4BE00D0716D /* DetailViewController.swift in Sources */ = {isa = PBXBuildFile; fileRef = EE1C071523DAE4BE00D0716D /* DetailViewController.swift */; };
		EE1C071A23DB077A00D0716D /* DramaListCell.swift in Sources */ = {isa = PBXBuildFile; fileRef = EE1C071823DB077A00D0716D /* DramaListCell.swift */; };
		EE1C071B23DB077A00D0716D /* DramaListCell.xib in Resources */ = {isa = PBXBuildFile; fileRef = EE1C071923DB077A00D0716D /* DramaListCell.xib */; };
		EE1C072023DB0BDE00D0716D /* CommentCell.swift in Sources */ = {isa = PBXBuildFile; fileRef = EE1C071E23DB0BDE00D0716D /* CommentCell.swift */; };
		EE1C072123DB0BDE00D0716D /* CommentCell.xib in Resources */ = {isa = PBXBuildFile; fileRef = EE1C071F23DB0BDE00D0716D /* CommentCell.xib */; };
		EE2D461423F75E7800740E50 /* StarType.swift in Sources */ = {isa = PBXBuildFile; fileRef = EE2D461223F75E7800740E50 /* StarType.swift */; };
		EE2D461523F75E7800740E50 /* StarRateView.swift in Sources */ = {isa = PBXBuildFile; fileRef = EE2D461323F75E7800740E50 /* StarRateView.swift */; };
		EE2D461723F780A600740E50 /* UIButton+Background.swift in Sources */ = {isa = PBXBuildFile; fileRef = EE2D461623F780A600740E50 /* UIButton+Background.swift */; };
		EE45DDD723E6B6E20074EFEF /* String+Extension.swift in Sources */ = {isa = PBXBuildFile; fileRef = EE45DDD623E6B6E20074EFEF /* String+Extension.swift */; };
		EE5FE54123BCACD8008D8A15 /* ButtonView.swift in Sources */ = {isa = PBXBuildFile; fileRef = EE5FE54023BCACD8008D8A15 /* ButtonView.swift */; };
		EE711BDE23E47A2200B8E0AD /* BaseViewController.swift in Sources */ = {isa = PBXBuildFile; fileRef = EE711BDD23E47A2200B8E0AD /* BaseViewController.swift */; };
		EE711BE023E47ACE00B8E0AD /* NavigationBar.swift in Sources */ = {isa = PBXBuildFile; fileRef = EE711BDF23E47ACE00B8E0AD /* NavigationBar.swift */; };
		EE94A76523DB1B510030BF5F /* SubCommentCell.swift in Sources */ = {isa = PBXBuildFile; fileRef = EE94A76323DB1B510030BF5F /* SubCommentCell.swift */; };
		EE94A76623DB1B510030BF5F /* SubCommentCell.xib in Resources */ = {isa = PBXBuildFile; fileRef = EE94A76423DB1B510030BF5F /* SubCommentCell.xib */; };
		EE94A76B23DB242C0030BF5F /* ReviewCell.swift in Sources */ = {isa = PBXBuildFile; fileRef = EE94A76923DB242C0030BF5F /* ReviewCell.swift */; };
		EE94A76C23DB242C0030BF5F /* ReviewCell.xib in Resources */ = {isa = PBXBuildFile; fileRef = EE94A76A23DB242C0030BF5F /* ReviewCell.xib */; };
		EEA6A7A023E455470078A010 /* MainTopCell.swift in Sources */ = {isa = PBXBuildFile; fileRef = EEA6A79E23E455470078A010 /* MainTopCell.swift */; };
		EEA6A7A123E455470078A010 /* MainTopCell.xib in Resources */ = {isa = PBXBuildFile; fileRef = EEA6A79F23E455470078A010 /* MainTopCell.xib */; };
		EEA6A7A623E461640078A010 /* MainTopCollectionViewCell.swift in Sources */ = {isa = PBXBuildFile; fileRef = EEA6A7A423E461640078A010 /* MainTopCollectionViewCell.swift */; };
		EEA6A7A723E461640078A010 /* MainTopCollectionViewCell.xib in Resources */ = {isa = PBXBuildFile; fileRef = EEA6A7A523E461640078A010 /* MainTopCollectionViewCell.xib */; };
		EEA6A7AC23E4699E0078A010 /* EpisodeTableViewCell.swift in Sources */ = {isa = PBXBuildFile; fileRef = EEA6A7AA23E4699E0078A010 /* EpisodeTableViewCell.swift */; };
		EEA6A7AD23E4699E0078A010 /* EpisodeTableViewCell.xib in Resources */ = {isa = PBXBuildFile; fileRef = EEA6A7AB23E4699E0078A010 /* EpisodeTableViewCell.xib */; };
		EEA6A7B023E46A2F0078A010 /* EpisodeCollectionViewCell.swift in Sources */ = {isa = PBXBuildFile; fileRef = EEA6A7AE23E46A2F0078A010 /* EpisodeCollectionViewCell.swift */; };
		EEA6A7B123E46A2F0078A010 /* EpisodeCollectionViewCell.xib in Resources */ = {isa = PBXBuildFile; fileRef = EEA6A7AF23E46A2F0078A010 /* EpisodeCollectionViewCell.xib */; };
		EEA6A7B423E4713E0078A010 /* PostTableViewCell.swift in Sources */ = {isa = PBXBuildFile; fileRef = EEA6A7B223E4713E0078A010 /* PostTableViewCell.swift */; };
		EEA6A7B523E4713E0078A010 /* PostTableViewCell.xib in Resources */ = {isa = PBXBuildFile; fileRef = EEA6A7B323E4713E0078A010 /* PostTableViewCell.xib */; };
		EEB41C1A23B30E2200D7C4BD /* IntroViewController.swift in Sources */ = {isa = PBXBuildFile; fileRef = EEB41C1923B30E2200D7C4BD /* IntroViewController.swift */; };
		EEB41C1C23B30E6100D7C4BD /* SignUpViewController.swift in Sources */ = {isa = PBXBuildFile; fileRef = EEB41C1B23B30E6100D7C4BD /* SignUpViewController.swift */; };
		EEB41C1E23B30E6F00D7C4BD /* LoginViewController.swift in Sources */ = {isa = PBXBuildFile; fileRef = EEB41C1D23B30E6F00D7C4BD /* LoginViewController.swift */; };
		EEC2672523B3123B008CA938 /* MainViewController.swift in Sources */ = {isa = PBXBuildFile; fileRef = EEC2672423B3123B008CA938 /* MainViewController.swift */; };
		EECF0AD323FD878B00CC7F39 /* MainListViewController.swift in Sources */ = {isa = PBXBuildFile; fileRef = EECF0AD223FD878B00CC7F39 /* MainListViewController.swift */; };
		EED0A1A023E860D1004E0D04 /* HeaderLabel.swift in Sources */ = {isa = PBXBuildFile; fileRef = EED0A19F23E860D1004E0D04 /* HeaderLabel.swift */; };
		EED0A1A223E865C1004E0D04 /* Buttons.swift in Sources */ = {isa = PBXBuildFile; fileRef = EED0A1A123E865C1004E0D04 /* Buttons.swift */; };
		EED0A1A523E86C7A004E0D04 /* HeaderViewCell.swift in Sources */ = {isa = PBXBuildFile; fileRef = EED0A1A323E86C7A004E0D04 /* HeaderViewCell.swift */; };
		EED0A1A623E86C7A004E0D04 /* HeaderViewCell.xib in Resources */ = {isa = PBXBuildFile; fileRef = EED0A1A423E86C7A004E0D04 /* HeaderViewCell.xib */; };
		EED0A1A923E86C8A004E0D04 /* FooterViewCell.swift in Sources */ = {isa = PBXBuildFile; fileRef = EED0A1A723E86C8A004E0D04 /* FooterViewCell.swift */; };
		EED0A1AA23E86C8A004E0D04 /* FooterViewCell.xib in Resources */ = {isa = PBXBuildFile; fileRef = EED0A1A823E86C8A004E0D04 /* FooterViewCell.xib */; };
		EED38D3A23DD377E00CE0245 /* PlayerCell.swift in Sources */ = {isa = PBXBuildFile; fileRef = EED38D3823DD377E00CE0245 /* PlayerCell.swift */; };
		EED38D3B23DD377E00CE0245 /* PlayerCell.xib in Resources */ = {isa = PBXBuildFile; fileRef = EED38D3923DD377E00CE0245 /* PlayerCell.xib */; };
		EED68F6823B64634000E4705 /* TextFieldCell.swift in Sources */ = {isa = PBXBuildFile; fileRef = EED68F6623B64634000E4705 /* TextFieldCell.swift */; };
		EED68F6923B64634000E4705 /* TextFieldCell.xib in Resources */ = {isa = PBXBuildFile; fileRef = EED68F6723B64634000E4705 /* TextFieldCell.xib */; };
		EED68F6C23B646D1000E4705 /* TitleCell.swift in Sources */ = {isa = PBXBuildFile; fileRef = EED68F6A23B646D1000E4705 /* TitleCell.swift */; };
		EED68F6D23B646D1000E4705 /* TitleCell.xib in Resources */ = {isa = PBXBuildFile; fileRef = EED68F6B23B646D1000E4705 /* TitleCell.xib */; };
		EED68F6F23B64D8C000E4705 /* ProfileVIew.swift in Sources */ = {isa = PBXBuildFile; fileRef = EED68F6E23B64D8C000E4705 /* ProfileVIew.swift */; };
/* End PBXBuildFile section */

/* Begin PBXFileReference section */
		25D2670023ED3FA500BE1941 /* TabButtonCell.swift */ = {isa = PBXFileReference; lastKnownFileType = sourcecode.swift; path = TabButtonCell.swift; sourceTree = "<group>"; };
		25D2670123ED3FA500BE1941 /* TabButtonCell.xib */ = {isa = PBXFileReference; lastKnownFileType = file.xib; path = TabButtonCell.xib; sourceTree = "<group>"; };
		25FF13A923FB905400B648F3 /* CAGradientLayer+Extension.swift */ = {isa = PBXFileReference; lastKnownFileType = sourcecode.swift; path = "CAGradientLayer+Extension.swift"; sourceTree = "<group>"; };
		3E82280B10B85EFF7E1D4C09 /* Pods-Druwa.release.xcconfig */ = {isa = PBXFileReference; includeInIndex = 1; lastKnownFileType = text.xcconfig; name = "Pods-Druwa.release.xcconfig"; path = "Target Support Files/Pods-Druwa/Pods-Druwa.release.xcconfig"; sourceTree = "<group>"; };
		710692C0C4A26BFC2BEE1622 /* Pods_Druwa.framework */ = {isa = PBXFileReference; explicitFileType = wrapper.framework; includeInIndex = 0; path = Pods_Druwa.framework; sourceTree = BUILT_PRODUCTS_DIR; };
		DB148A0070ED529D5F9D7028 /* Pods-Druwa.debug.xcconfig */ = {isa = PBXFileReference; includeInIndex = 1; lastKnownFileType = text.xcconfig; name = "Pods-Druwa.debug.xcconfig"; path = "Target Support Files/Pods-Druwa/Pods-Druwa.debug.xcconfig"; sourceTree = "<group>"; };
		EE0664C22400AABD003C976C /* DramaService.swift */ = {isa = PBXFileReference; lastKnownFileType = sourcecode.swift; path = DramaService.swift; sourceTree = "<group>"; };
		EE0664C42400AAE4003C976C /* DramaModel.swift */ = {isa = PBXFileReference; lastKnownFileType = sourcecode.swift; path = DramaModel.swift; sourceTree = "<group>"; };
		EE0664C72400BEAB003C976C /* EpisodeService.swift */ = {isa = PBXFileReference; lastKnownFileType = sourcecode.swift; path = EpisodeService.swift; sourceTree = "<group>"; };
		EE0664C92400BEBA003C976C /* EpisodeModel.swift */ = {isa = PBXFileReference; lastKnownFileType = sourcecode.swift; path = EpisodeModel.swift; sourceTree = "<group>"; };
		EE0D6A7A23F18CA4007A0A61 /* PlayerView.swift */ = {isa = PBXFileReference; fileEncoding = 4; lastKnownFileType = sourcecode.swift; path = PlayerView.swift; sourceTree = "<group>"; };
		EE0D6A7B23F18CA4007A0A61 /* PlayerView.xib */ = {isa = PBXFileReference; fileEncoding = 4; lastKnownFileType = file.xib; path = PlayerView.xib; sourceTree = "<group>"; };
		EE1B3BF523B260650031A604 /* D.studio.app */ = {isa = PBXFileReference; explicitFileType = wrapper.application; includeInIndex = 0; path = D.studio.app; sourceTree = BUILT_PRODUCTS_DIR; };
		EE1B3BF823B260650031A604 /* AppDelegate.swift */ = {isa = PBXFileReference; lastKnownFileType = sourcecode.swift; path = AppDelegate.swift; sourceTree = "<group>"; };
		EE1B3BFF23B260650031A604 /* Base */ = {isa = PBXFileReference; lastKnownFileType = file.storyboard; name = Base; path = Base.lproj/Main.storyboard; sourceTree = "<group>"; };
		EE1B3C0123B260670031A604 /* Assets.xcassets */ = {isa = PBXFileReference; lastKnownFileType = folder.assetcatalog; path = Assets.xcassets; sourceTree = "<group>"; };
		EE1B3C0423B260670031A604 /* Base */ = {isa = PBXFileReference; lastKnownFileType = file.storyboard; name = Base; path = Base.lproj/LaunchScreen.storyboard; sourceTree = "<group>"; };
		EE1B3C0623B260670031A604 /* Info.plist */ = {isa = PBXFileReference; lastKnownFileType = text.plist.xml; path = Info.plist; sourceTree = "<group>"; };
		EE1B3C0E23B268A00031A604 /* Druwa-Bridging-Header.h */ = {isa = PBXFileReference; lastKnownFileType = sourcecode.c.h; path = "Druwa-Bridging-Header.h"; sourceTree = "<group>"; };
		EE1B3C0F23B26AFE0031A604 /* KakaoOpenSDK.framework */ = {isa = PBXFileReference; lastKnownFileType = wrapper.framework; path = KakaoOpenSDK.framework; sourceTree = "<group>"; };
		EE1C071223DAE3CA00D0716D /* UIColor+Additions.swift */ = {isa = PBXFileReference; fileEncoding = 4; lastKnownFileType = sourcecode.swift; path = "UIColor+Additions.swift"; sourceTree = "<group>"; };
		EE1C071523DAE4BE00D0716D /* DetailViewController.swift */ = {isa = PBXFileReference; lastKnownFileType = sourcecode.swift; path = DetailViewController.swift; sourceTree = "<group>"; };
		EE1C071823DB077A00D0716D /* DramaListCell.swift */ = {isa = PBXFileReference; lastKnownFileType = sourcecode.swift; path = DramaListCell.swift; sourceTree = "<group>"; };
		EE1C071923DB077A00D0716D /* DramaListCell.xib */ = {isa = PBXFileReference; lastKnownFileType = file.xib; path = DramaListCell.xib; sourceTree = "<group>"; };
		EE1C071E23DB0BDE00D0716D /* CommentCell.swift */ = {isa = PBXFileReference; lastKnownFileType = sourcecode.swift; path = CommentCell.swift; sourceTree = "<group>"; };
		EE1C071F23DB0BDE00D0716D /* CommentCell.xib */ = {isa = PBXFileReference; lastKnownFileType = file.xib; path = CommentCell.xib; sourceTree = "<group>"; };
		EE2D461223F75E7800740E50 /* StarType.swift */ = {isa = PBXFileReference; fileEncoding = 4; lastKnownFileType = sourcecode.swift; path = StarType.swift; sourceTree = "<group>"; };
		EE2D461323F75E7800740E50 /* StarRateView.swift */ = {isa = PBXFileReference; fileEncoding = 4; lastKnownFileType = sourcecode.swift; path = StarRateView.swift; sourceTree = "<group>"; };
		EE2D461623F780A600740E50 /* UIButton+Background.swift */ = {isa = PBXFileReference; lastKnownFileType = sourcecode.swift; path = "UIButton+Background.swift"; sourceTree = "<group>"; };
		EE45DDD623E6B6E20074EFEF /* String+Extension.swift */ = {isa = PBXFileReference; lastKnownFileType = sourcecode.swift; path = "String+Extension.swift"; sourceTree = "<group>"; };
		EE5FE54023BCACD8008D8A15 /* ButtonView.swift */ = {isa = PBXFileReference; lastKnownFileType = sourcecode.swift; path = ButtonView.swift; sourceTree = "<group>"; };
		EE711BDD23E47A2200B8E0AD /* BaseViewController.swift */ = {isa = PBXFileReference; lastKnownFileType = sourcecode.swift; path = BaseViewController.swift; sourceTree = "<group>"; };
		EE711BDF23E47ACE00B8E0AD /* NavigationBar.swift */ = {isa = PBXFileReference; lastKnownFileType = sourcecode.swift; path = NavigationBar.swift; sourceTree = "<group>"; };
		EE94A76323DB1B510030BF5F /* SubCommentCell.swift */ = {isa = PBXFileReference; lastKnownFileType = sourcecode.swift; path = SubCommentCell.swift; sourceTree = "<group>"; };
		EE94A76423DB1B510030BF5F /* SubCommentCell.xib */ = {isa = PBXFileReference; lastKnownFileType = file.xib; path = SubCommentCell.xib; sourceTree = "<group>"; };
		EE94A76923DB242C0030BF5F /* ReviewCell.swift */ = {isa = PBXFileReference; lastKnownFileType = sourcecode.swift; path = ReviewCell.swift; sourceTree = "<group>"; };
		EE94A76A23DB242C0030BF5F /* ReviewCell.xib */ = {isa = PBXFileReference; lastKnownFileType = file.xib; path = ReviewCell.xib; sourceTree = "<group>"; };
		EEA6A79E23E455470078A010 /* MainTopCell.swift */ = {isa = PBXFileReference; lastKnownFileType = sourcecode.swift; path = MainTopCell.swift; sourceTree = "<group>"; };
		EEA6A79F23E455470078A010 /* MainTopCell.xib */ = {isa = PBXFileReference; lastKnownFileType = file.xib; path = MainTopCell.xib; sourceTree = "<group>"; };
		EEA6A7A423E461640078A010 /* MainTopCollectionViewCell.swift */ = {isa = PBXFileReference; lastKnownFileType = sourcecode.swift; path = MainTopCollectionViewCell.swift; sourceTree = "<group>"; };
		EEA6A7A523E461640078A010 /* MainTopCollectionViewCell.xib */ = {isa = PBXFileReference; lastKnownFileType = file.xib; path = MainTopCollectionViewCell.xib; sourceTree = "<group>"; };
		EEA6A7AA23E4699E0078A010 /* EpisodeTableViewCell.swift */ = {isa = PBXFileReference; lastKnownFileType = sourcecode.swift; path = EpisodeTableViewCell.swift; sourceTree = "<group>"; };
		EEA6A7AB23E4699E0078A010 /* EpisodeTableViewCell.xib */ = {isa = PBXFileReference; lastKnownFileType = file.xib; path = EpisodeTableViewCell.xib; sourceTree = "<group>"; };
		EEA6A7AE23E46A2F0078A010 /* EpisodeCollectionViewCell.swift */ = {isa = PBXFileReference; lastKnownFileType = sourcecode.swift; path = EpisodeCollectionViewCell.swift; sourceTree = "<group>"; };
		EEA6A7AF23E46A2F0078A010 /* EpisodeCollectionViewCell.xib */ = {isa = PBXFileReference; lastKnownFileType = file.xib; path = EpisodeCollectionViewCell.xib; sourceTree = "<group>"; };
		EEA6A7B223E4713E0078A010 /* PostTableViewCell.swift */ = {isa = PBXFileReference; lastKnownFileType = sourcecode.swift; path = PostTableViewCell.swift; sourceTree = "<group>"; };
		EEA6A7B323E4713E0078A010 /* PostTableViewCell.xib */ = {isa = PBXFileReference; lastKnownFileType = file.xib; path = PostTableViewCell.xib; sourceTree = "<group>"; };
		EEB41C1923B30E2200D7C4BD /* IntroViewController.swift */ = {isa = PBXFileReference; lastKnownFileType = sourcecode.swift; path = IntroViewController.swift; sourceTree = "<group>"; };
		EEB41C1B23B30E6100D7C4BD /* SignUpViewController.swift */ = {isa = PBXFileReference; lastKnownFileType = sourcecode.swift; path = SignUpViewController.swift; sourceTree = "<group>"; };
		EEB41C1D23B30E6F00D7C4BD /* LoginViewController.swift */ = {isa = PBXFileReference; lastKnownFileType = sourcecode.swift; path = LoginViewController.swift; sourceTree = "<group>"; };
		EEC2672423B3123B008CA938 /* MainViewController.swift */ = {isa = PBXFileReference; lastKnownFileType = sourcecode.swift; path = MainViewController.swift; sourceTree = "<group>"; };
		EECF0AD223FD878B00CC7F39 /* MainListViewController.swift */ = {isa = PBXFileReference; lastKnownFileType = sourcecode.swift; name = MainListViewController.swift; path = Druwa/Main/MainListViewController.swift; sourceTree = SOURCE_ROOT; };
		EED0A19F23E860D1004E0D04 /* HeaderLabel.swift */ = {isa = PBXFileReference; lastKnownFileType = sourcecode.swift; path = HeaderLabel.swift; sourceTree = "<group>"; };
		EED0A1A123E865C1004E0D04 /* Buttons.swift */ = {isa = PBXFileReference; lastKnownFileType = sourcecode.swift; path = Buttons.swift; sourceTree = "<group>"; };
		EED0A1A323E86C7A004E0D04 /* HeaderViewCell.swift */ = {isa = PBXFileReference; lastKnownFileType = sourcecode.swift; path = HeaderViewCell.swift; sourceTree = "<group>"; };
		EED0A1A423E86C7A004E0D04 /* HeaderViewCell.xib */ = {isa = PBXFileReference; lastKnownFileType = file.xib; path = HeaderViewCell.xib; sourceTree = "<group>"; };
		EED0A1A723E86C8A004E0D04 /* FooterViewCell.swift */ = {isa = PBXFileReference; lastKnownFileType = sourcecode.swift; path = FooterViewCell.swift; sourceTree = "<group>"; };
		EED0A1A823E86C8A004E0D04 /* FooterViewCell.xib */ = {isa = PBXFileReference; lastKnownFileType = file.xib; path = FooterViewCell.xib; sourceTree = "<group>"; };
		EED38D3823DD377E00CE0245 /* PlayerCell.swift */ = {isa = PBXFileReference; lastKnownFileType = sourcecode.swift; path = PlayerCell.swift; sourceTree = "<group>"; };
		EED38D3923DD377E00CE0245 /* PlayerCell.xib */ = {isa = PBXFileReference; lastKnownFileType = file.xib; path = PlayerCell.xib; sourceTree = "<group>"; };
		EED68F6623B64634000E4705 /* TextFieldCell.swift */ = {isa = PBXFileReference; lastKnownFileType = sourcecode.swift; path = TextFieldCell.swift; sourceTree = "<group>"; };
		EED68F6723B64634000E4705 /* TextFieldCell.xib */ = {isa = PBXFileReference; lastKnownFileType = file.xib; path = TextFieldCell.xib; sourceTree = "<group>"; };
		EED68F6A23B646D1000E4705 /* TitleCell.swift */ = {isa = PBXFileReference; lastKnownFileType = sourcecode.swift; path = TitleCell.swift; sourceTree = "<group>"; };
		EED68F6B23B646D1000E4705 /* TitleCell.xib */ = {isa = PBXFileReference; lastKnownFileType = file.xib; path = TitleCell.xib; sourceTree = "<group>"; };
		EED68F6E23B64D8C000E4705 /* ProfileVIew.swift */ = {isa = PBXFileReference; lastKnownFileType = sourcecode.swift; path = ProfileVIew.swift; sourceTree = "<group>"; };
/* End PBXFileReference section */

/* Begin PBXFrameworksBuildPhase section */
		EE1B3BF223B260650031A604 /* Frameworks */ = {
			isa = PBXFrameworksBuildPhase;
			buildActionMask = 2147483647;
			files = (
				751586EAF8F9871273CD1A7A /* Pods_Druwa.framework in Frameworks */,
			);
			runOnlyForDeploymentPostprocessing = 0;
		};
/* End PBXFrameworksBuildPhase section */

/* Begin PBXGroup section */
		672A391878893BE3A866D1C1 /* Pods */ = {
			isa = PBXGroup;
			children = (
				DB148A0070ED529D5F9D7028 /* Pods-Druwa.debug.xcconfig */,
				3E82280B10B85EFF7E1D4C09 /* Pods-Druwa.release.xcconfig */,
			);
			path = Pods;
			sourceTree = "<group>";
		};
		7A2FC9EDB2A5E5E8B241E860 /* Frameworks */ = {
			isa = PBXGroup;
			children = (
				EE1B3C0F23B26AFE0031A604 /* KakaoOpenSDK.framework */,
				710692C0C4A26BFC2BEE1622 /* Pods_Druwa.framework */,
			);
			name = Frameworks;
			sourceTree = "<group>";
		};
		EE0664C12400AAA8003C976C /* Network */ = {
			isa = PBXGroup;
			children = (
				EE0664C22400AABD003C976C /* DramaService.swift */,
				EE0664C42400AAE4003C976C /* DramaModel.swift */,
				EE0664C72400BEAB003C976C /* EpisodeService.swift */,
				EE0664C92400BEBA003C976C /* EpisodeModel.swift */,
			);
			path = Network;
			sourceTree = "<group>";
		};
		EE1B3BEC23B260650031A604 = {
			isa = PBXGroup;
			children = (
				EE1B3C0E23B268A00031A604 /* Druwa-Bridging-Header.h */,
				EE1B3BF723B260650031A604 /* Druwa */,
				EE1B3BF623B260650031A604 /* Products */,
				672A391878893BE3A866D1C1 /* Pods */,
				7A2FC9EDB2A5E5E8B241E860 /* Frameworks */,
			);
			sourceTree = "<group>";
		};
		EE1B3BF623B260650031A604 /* Products */ = {
			isa = PBXGroup;
			children = (
				EE1B3BF523B260650031A604 /* D.studio.app */,
			);
			name = Products;
			sourceTree = "<group>";
		};
		EE1B3BF723B260650031A604 /* Druwa */ = {
			isa = PBXGroup;
			children = (
				EE0664C12400AAA8003C976C /* Network */,
				EE1B3BF823B260650031A604 /* AppDelegate.swift */,
				EE711BDC23E47A0E00B8E0AD /* Base */,
				EE2D461123F75E1B00740E50 /* StarView */,
				EEB41C1623B30DC200D7C4BD /* Intro */,
				EEB41C1823B30DF700D7C4BD /* Main */,
				EEB41C1723B30DD300D7C4BD /* Login */,
				EE1C071423DAE46B00D0716D /* Detail */,
				EE1C071123DAE3B200D0716D /* Extension */,
				EE1B3BFE23B260650031A604 /* Main.storyboard */,
				EE1B3C0123B260670031A604 /* Assets.xcassets */,
				EE1B3C0323B260670031A604 /* LaunchScreen.storyboard */,
				EE1B3C0623B260670031A604 /* Info.plist */,
			);
			path = Druwa;
			sourceTree = "<group>";
		};
		EE1C071123DAE3B200D0716D /* Extension */ = {
			isa = PBXGroup;
			children = (
				EE1C071223DAE3CA00D0716D /* UIColor+Additions.swift */,
				EE45DDD623E6B6E20074EFEF /* String+Extension.swift */,
				EE2D461623F780A600740E50 /* UIButton+Background.swift */,
				25FF13A923FB905400B648F3 /* CAGradientLayer+Extension.swift */,
			);
			path = Extension;
			sourceTree = "<group>";
		};
		EE1C071423DAE46B00D0716D /* Detail */ = {
			isa = PBXGroup;
			children = (
				EE1C071723DB06FC00D0716D /* Cell */,
				EE1C071523DAE4BE00D0716D /* DetailViewController.swift */,
			);
			path = Detail;
			sourceTree = "<group>";
		};
		EE1C071723DB06FC00D0716D /* Cell */ = {
			isa = PBXGroup;
			children = (
				EE1C071823DB077A00D0716D /* DramaListCell.swift */,
				EE1C071923DB077A00D0716D /* DramaListCell.xib */,
				EE1C071E23DB0BDE00D0716D /* CommentCell.swift */,
				EE1C071F23DB0BDE00D0716D /* CommentCell.xib */,
				EE94A76323DB1B510030BF5F /* SubCommentCell.swift */,
				EE94A76423DB1B510030BF5F /* SubCommentCell.xib */,
				EE94A76923DB242C0030BF5F /* ReviewCell.swift */,
				EE94A76A23DB242C0030BF5F /* ReviewCell.xib */,
				EED38D3823DD377E00CE0245 /* PlayerCell.swift */,
				EED38D3923DD377E00CE0245 /* PlayerCell.xib */,
				25D2670023ED3FA500BE1941 /* TabButtonCell.swift */,
				25D2670123ED3FA500BE1941 /* TabButtonCell.xib */,
			);
			path = Cell;
			sourceTree = "<group>";
		};
		EE2D461123F75E1B00740E50 /* StarView */ = {
			isa = PBXGroup;
			children = (
				EE2D461323F75E7800740E50 /* StarRateView.swift */,
				EE2D461223F75E7800740E50 /* StarType.swift */,
			);
			path = StarView;
			sourceTree = "<group>";
		};
		EE711BDC23E47A0E00B8E0AD /* Base */ = {
			isa = PBXGroup;
			children = (
				EE0D6A7A23F18CA4007A0A61 /* PlayerView.swift */,
				EE0D6A7B23F18CA4007A0A61 /* PlayerView.xib */,
				EE711BDD23E47A2200B8E0AD /* BaseViewController.swift */,
				EE711BDF23E47ACE00B8E0AD /* NavigationBar.swift */,
				EED0A19F23E860D1004E0D04 /* HeaderLabel.swift */,
				EED0A1A123E865C1004E0D04 /* Buttons.swift */,
			);
			path = Base;
			sourceTree = "<group>";
		};
		EEA6A79D23E454F60078A010 /* Cell */ = {
			isa = PBXGroup;
			children = (
				EEA6A79E23E455470078A010 /* MainTopCell.swift */,
				EEA6A79F23E455470078A010 /* MainTopCell.xib */,
				EEA6A7A423E461640078A010 /* MainTopCollectionViewCell.swift */,
				EEA6A7A523E461640078A010 /* MainTopCollectionViewCell.xib */,
				EEA6A7AA23E4699E0078A010 /* EpisodeTableViewCell.swift */,
				EEA6A7AB23E4699E0078A010 /* EpisodeTableViewCell.xib */,
				EEA6A7AE23E46A2F0078A010 /* EpisodeCollectionViewCell.swift */,
				EEA6A7AF23E46A2F0078A010 /* EpisodeCollectionViewCell.xib */,
				EEA6A7B223E4713E0078A010 /* PostTableViewCell.swift */,
				EEA6A7B323E4713E0078A010 /* PostTableViewCell.xib */,
				EED0A1A323E86C7A004E0D04 /* HeaderViewCell.swift */,
				EED0A1A423E86C7A004E0D04 /* HeaderViewCell.xib */,
				EED0A1A723E86C8A004E0D04 /* FooterViewCell.swift */,
				EED0A1A823E86C8A004E0D04 /* FooterViewCell.xib */,
			);
			path = Cell;
			sourceTree = "<group>";
		};
		EEB41C1623B30DC200D7C4BD /* Intro */ = {
			isa = PBXGroup;
			children = (
				EEB41C1923B30E2200D7C4BD /* IntroViewController.swift */,
			);
			path = Intro;
			sourceTree = "<group>";
		};
		EEB41C1723B30DD300D7C4BD /* Login */ = {
			isa = PBXGroup;
			children = (
				EEC2672623B326E9008CA938 /* Cell */,
				EEB41C1B23B30E6100D7C4BD /* SignUpViewController.swift */,
				EEB41C1D23B30E6F00D7C4BD /* LoginViewController.swift */,
			);
			path = Login;
			sourceTree = "<group>";
		};
		EEB41C1823B30DF700D7C4BD /* Main */ = {
			isa = PBXGroup;
			children = (
				EECF0AD123FD876C00CC7F39 /* List */,
				EEA6A79D23E454F60078A010 /* Cell */,
				EEC2672423B3123B008CA938 /* MainViewController.swift */,
			);
			path = Main;
			sourceTree = "<group>";
		};
		EEC2672623B326E9008CA938 /* Cell */ = {
			isa = PBXGroup;
			children = (
				EED68F6623B64634000E4705 /* TextFieldCell.swift */,
				EED68F6723B64634000E4705 /* TextFieldCell.xib */,
				EED68F6A23B646D1000E4705 /* TitleCell.swift */,
				EED68F6B23B646D1000E4705 /* TitleCell.xib */,
				EED68F6E23B64D8C000E4705 /* ProfileVIew.swift */,
				EE5FE54023BCACD8008D8A15 /* ButtonView.swift */,
			);
			path = Cell;
			sourceTree = "<group>";
		};
		EECF0AD123FD876C00CC7F39 /* List */ = {
			isa = PBXGroup;
			children = (
				EECF0AD223FD878B00CC7F39 /* MainListViewController.swift */,
			);
			path = List;
			sourceTree = "<group>";
		};
/* End PBXGroup section */

/* Begin PBXNativeTarget section */
		EE1B3BF423B260650031A604 /* Druwa */ = {
			isa = PBXNativeTarget;
			buildConfigurationList = EE1B3C0923B260670031A604 /* Build configuration list for PBXNativeTarget "Druwa" */;
			buildPhases = (
				4A7BBF7C5621A2576EE1B81C /* [CP] Check Pods Manifest.lock */,
				EE1B3BF123B260650031A604 /* Sources */,
				EE1B3BF223B260650031A604 /* Frameworks */,
				EE1B3BF323B260650031A604 /* Resources */,
				023E2C1526E9A56E2E26511A /* [CP] Embed Pods Frameworks */,
			);
			buildRules = (
			);
			dependencies = (
			);
			name = Druwa;
			productName = Druwa;
			productReference = EE1B3BF523B260650031A604 /* D.studio.app */;
			productType = "com.apple.product-type.application";
		};
/* End PBXNativeTarget section */

/* Begin PBXProject section */
		EE1B3BED23B260650031A604 /* Project object */ = {
			isa = PBXProject;
			attributes = {
				LastSwiftUpdateCheck = 1130;
				LastUpgradeCheck = 1130;
				ORGANIZATIONNAME = leeyang;
				TargetAttributes = {
					EE1B3BF423B260650031A604 = {
						CreatedOnToolsVersion = 11.3;
					};
				};
			};
			buildConfigurationList = EE1B3BF023B260650031A604 /* Build configuration list for PBXProject "Druwa" */;
			compatibilityVersion = "Xcode 9.3";
			developmentRegion = en;
			hasScannedForEncodings = 0;
			knownRegions = (
				en,
				Base,
			);
			mainGroup = EE1B3BEC23B260650031A604;
			productRefGroup = EE1B3BF623B260650031A604 /* Products */;
			projectDirPath = "";
			projectRoot = "";
			targets = (
				EE1B3BF423B260650031A604 /* Druwa */,
			);
		};
/* End PBXProject section */

/* Begin PBXResourcesBuildPhase section */
		EE1B3BF323B260650031A604 /* Resources */ = {
			isa = PBXResourcesBuildPhase;
			buildActionMask = 2147483647;
			files = (
				EE94A76623DB1B510030BF5F /* SubCommentCell.xib in Resources */,
				EEA6A7A123E455470078A010 /* MainTopCell.xib in Resources */,
				EEA6A7B123E46A2F0078A010 /* EpisodeCollectionViewCell.xib in Resources */,
				25D2670323ED3FA500BE1941 /* TabButtonCell.xib in Resources */,
				EE1B3C0523B260670031A604 /* LaunchScreen.storyboard in Resources */,
				EE0D6A7D23F18CA4007A0A61 /* PlayerView.xib in Resources */,
				EE94A76C23DB242C0030BF5F /* ReviewCell.xib in Resources */,
				EE1B3C0223B260670031A604 /* Assets.xcassets in Resources */,
				EEA6A7B523E4713E0078A010 /* PostTableViewCell.xib in Resources */,
				EED0A1A623E86C7A004E0D04 /* HeaderViewCell.xib in Resources */,
				EEA6A7A723E461640078A010 /* MainTopCollectionViewCell.xib in Resources */,
				EE1B3C0023B260650031A604 /* Main.storyboard in Resources */,
				EE1C071B23DB077A00D0716D /* DramaListCell.xib in Resources */,
				EED68F6923B64634000E4705 /* TextFieldCell.xib in Resources */,
				EEA6A7AD23E4699E0078A010 /* EpisodeTableViewCell.xib in Resources */,
				EED68F6D23B646D1000E4705 /* TitleCell.xib in Resources */,
				EED0A1AA23E86C8A004E0D04 /* FooterViewCell.xib in Resources */,
				EED38D3B23DD377E00CE0245 /* PlayerCell.xib in Resources */,
				EE1C072123DB0BDE00D0716D /* CommentCell.xib in Resources */,
			);
			runOnlyForDeploymentPostprocessing = 0;
		};
/* End PBXResourcesBuildPhase section */

/* Begin PBXShellScriptBuildPhase section */
		023E2C1526E9A56E2E26511A /* [CP] Embed Pods Frameworks */ = {
			isa = PBXShellScriptBuildPhase;
			buildActionMask = 2147483647;
			files = (
			);
			inputFileListPaths = (
				"${PODS_ROOT}/Target Support Files/Pods-Druwa/Pods-Druwa-frameworks-${CONFIGURATION}-input-files.xcfilelist",
			);
			name = "[CP] Embed Pods Frameworks";
			outputFileListPaths = (
				"${PODS_ROOT}/Target Support Files/Pods-Druwa/Pods-Druwa-frameworks-${CONFIGURATION}-output-files.xcfilelist",
			);
			runOnlyForDeploymentPostprocessing = 0;
			shellPath = /bin/sh;
			shellScript = "\"${PODS_ROOT}/Target Support Files/Pods-Druwa/Pods-Druwa-frameworks.sh\"\n";
			showEnvVarsInLog = 0;
		};
		4A7BBF7C5621A2576EE1B81C /* [CP] Check Pods Manifest.lock */ = {
			isa = PBXShellScriptBuildPhase;
			buildActionMask = 2147483647;
			files = (
			);
			inputFileListPaths = (
			);
			inputPaths = (
				"${PODS_PODFILE_DIR_PATH}/Podfile.lock",
				"${PODS_ROOT}/Manifest.lock",
			);
			name = "[CP] Check Pods Manifest.lock";
			outputFileListPaths = (
			);
			outputPaths = (
				"$(DERIVED_FILE_DIR)/Pods-Druwa-checkManifestLockResult.txt",
			);
			runOnlyForDeploymentPostprocessing = 0;
			shellPath = /bin/sh;
			shellScript = "diff \"${PODS_PODFILE_DIR_PATH}/Podfile.lock\" \"${PODS_ROOT}/Manifest.lock\" > /dev/null\nif [ $? != 0 ] ; then\n    # print error to STDERR\n    echo \"error: The sandbox is not in sync with the Podfile.lock. Run 'pod install' or update your CocoaPods installation.\" >&2\n    exit 1\nfi\n# This output is used by Xcode 'outputs' to avoid re-running this script phase.\necho \"SUCCESS\" > \"${SCRIPT_OUTPUT_FILE_0}\"\n";
			showEnvVarsInLog = 0;
		};
/* End PBXShellScriptBuildPhase section */

/* Begin PBXSourcesBuildPhase section */
		EE1B3BF123B260650031A604 /* Sources */ = {
			isa = PBXSourcesBuildPhase;
			buildActionMask = 2147483647;
			files = (
				EE1C072023DB0BDE00D0716D /* CommentCell.swift in Sources */,
				25FF13AA23FB905400B648F3 /* CAGradientLayer+Extension.swift in Sources */,
				EED0A1A923E86C8A004E0D04 /* FooterViewCell.swift in Sources */,
				EE0664C82400BEAB003C976C /* EpisodeService.swift in Sources */,
				EE0664C32400AABD003C976C /* DramaService.swift in Sources */,
				EE0664CA2400BEBA003C976C /* EpisodeModel.swift in Sources */,
				EE94A76B23DB242C0030BF5F /* ReviewCell.swift in Sources */,
				EE0D6A7C23F18CA4007A0A61 /* PlayerView.swift in Sources */,
				EEA6A7B023E46A2F0078A010 /* EpisodeCollectionViewCell.swift in Sources */,
				EE1C071623DAE4BE00D0716D /* DetailViewController.swift in Sources */,
				EED68F6F23B64D8C000E4705 /* ProfileVIew.swift in Sources */,
				EE1C071323DAE3CA00D0716D /* UIColor+Additions.swift in Sources */,
				EE711BE023E47ACE00B8E0AD /* NavigationBar.swift in Sources */,
				EE2D461423F75E7800740E50 /* StarType.swift in Sources */,
				EED0A1A023E860D1004E0D04 /* HeaderLabel.swift in Sources */,
				25D2670223ED3FA500BE1941 /* TabButtonCell.swift in Sources */,
				EEA6A7A623E461640078A010 /* MainTopCollectionViewCell.swift in Sources */,
				EEB41C1A23B30E2200D7C4BD /* IntroViewController.swift in Sources */,
				EE2D461723F780A600740E50 /* UIButton+Background.swift in Sources */,
				EE2D461523F75E7800740E50 /* StarRateView.swift in Sources */,
				EED68F6C23B646D1000E4705 /* TitleCell.swift in Sources */,
				EEB41C1C23B30E6100D7C4BD /* SignUpViewController.swift in Sources */,
				EED38D3A23DD377E00CE0245 /* PlayerCell.swift in Sources */,
				EEA6A7A023E455470078A010 /* MainTopCell.swift in Sources */,
				EEC2672523B3123B008CA938 /* MainViewController.swift in Sources */,
				EE711BDE23E47A2200B8E0AD /* BaseViewController.swift in Sources */,
				EE0664C52400AAE4003C976C /* DramaModel.swift in Sources */,
				EECF0AD323FD878B00CC7F39 /* MainListViewController.swift in Sources */,
				EEA6A7AC23E4699E0078A010 /* EpisodeTableViewCell.swift in Sources */,
				EE45DDD723E6B6E20074EFEF /* String+Extension.swift in Sources */,
				EEA6A7B423E4713E0078A010 /* PostTableViewCell.swift in Sources */,
				EE1C071A23DB077A00D0716D /* DramaListCell.swift in Sources */,
				EEB41C1E23B30E6F00D7C4BD /* LoginViewController.swift in Sources */,
				EED0A1A523E86C7A004E0D04 /* HeaderViewCell.swift in Sources */,
				EED0A1A223E865C1004E0D04 /* Buttons.swift in Sources */,
				EE94A76523DB1B510030BF5F /* SubCommentCell.swift in Sources */,
				EE1B3BF923B260650031A604 /* AppDelegate.swift in Sources */,
				EED68F6823B64634000E4705 /* TextFieldCell.swift in Sources */,
				EE5FE54123BCACD8008D8A15 /* ButtonView.swift in Sources */,
			);
			runOnlyForDeploymentPostprocessing = 0;
		};
/* End PBXSourcesBuildPhase section */

/* Begin PBXVariantGroup section */
		EE1B3BFE23B260650031A604 /* Main.storyboard */ = {
			isa = PBXVariantGroup;
			children = (
				EE1B3BFF23B260650031A604 /* Base */,
			);
			name = Main.storyboard;
			sourceTree = "<group>";
		};
		EE1B3C0323B260670031A604 /* LaunchScreen.storyboard */ = {
			isa = PBXVariantGroup;
			children = (
				EE1B3C0423B260670031A604 /* Base */,
			);
			name = LaunchScreen.storyboard;
			sourceTree = "<group>";
		};
/* End PBXVariantGroup section */

/* Begin XCBuildConfiguration section */
		EE1B3C0723B260670031A604 /* Debug */ = {
			isa = XCBuildConfiguration;
			buildSettings = {
				ALWAYS_SEARCH_USER_PATHS = NO;
				CLANG_ANALYZER_NONNULL = YES;
				CLANG_ANALYZER_NUMBER_OBJECT_CONVERSION = YES_AGGRESSIVE;
				CLANG_CXX_LANGUAGE_STANDARD = "gnu++14";
				CLANG_CXX_LIBRARY = "libc++";
				CLANG_ENABLE_MODULES = YES;
				CLANG_ENABLE_OBJC_ARC = YES;
				CLANG_ENABLE_OBJC_WEAK = YES;
				CLANG_WARN_BLOCK_CAPTURE_AUTORELEASING = YES;
				CLANG_WARN_BOOL_CONVERSION = YES;
				CLANG_WARN_COMMA = YES;
				CLANG_WARN_CONSTANT_CONVERSION = YES;
				CLANG_WARN_DEPRECATED_OBJC_IMPLEMENTATIONS = YES;
				CLANG_WARN_DIRECT_OBJC_ISA_USAGE = YES_ERROR;
				CLANG_WARN_DOCUMENTATION_COMMENTS = YES;
				CLANG_WARN_EMPTY_BODY = YES;
				CLANG_WARN_ENUM_CONVERSION = YES;
				CLANG_WARN_INFINITE_RECURSION = YES;
				CLANG_WARN_INT_CONVERSION = YES;
				CLANG_WARN_NON_LITERAL_NULL_CONVERSION = YES;
				CLANG_WARN_OBJC_IMPLICIT_RETAIN_SELF = YES;
				CLANG_WARN_OBJC_LITERAL_CONVERSION = YES;
				CLANG_WARN_OBJC_ROOT_CLASS = YES_ERROR;
				CLANG_WARN_RANGE_LOOP_ANALYSIS = YES;
				CLANG_WARN_STRICT_PROTOTYPES = YES;
				CLANG_WARN_SUSPICIOUS_MOVE = YES;
				CLANG_WARN_UNGUARDED_AVAILABILITY = YES_AGGRESSIVE;
				CLANG_WARN_UNREACHABLE_CODE = YES;
				CLANG_WARN__DUPLICATE_METHOD_MATCH = YES;
				COPY_PHASE_STRIP = NO;
				DEBUG_INFORMATION_FORMAT = dwarf;
				ENABLE_STRICT_OBJC_MSGSEND = YES;
				ENABLE_TESTABILITY = YES;
				GCC_C_LANGUAGE_STANDARD = gnu11;
				GCC_DYNAMIC_NO_PIC = NO;
				GCC_NO_COMMON_BLOCKS = YES;
				GCC_OPTIMIZATION_LEVEL = 0;
				GCC_PREPROCESSOR_DEFINITIONS = (
					"DEBUG=1",
					"$(inherited)",
				);
				GCC_WARN_64_TO_32_BIT_CONVERSION = YES;
				GCC_WARN_ABOUT_RETURN_TYPE = YES_ERROR;
				GCC_WARN_UNDECLARED_SELECTOR = YES;
				GCC_WARN_UNINITIALIZED_AUTOS = YES_AGGRESSIVE;
				GCC_WARN_UNUSED_FUNCTION = YES;
				GCC_WARN_UNUSED_VARIABLE = YES;
				IPHONEOS_DEPLOYMENT_TARGET = 13.2;
				MTL_ENABLE_DEBUG_INFO = INCLUDE_SOURCE;
				MTL_FAST_MATH = YES;
				ONLY_ACTIVE_ARCH = YES;
				SDKROOT = iphoneos;
				SWIFT_ACTIVE_COMPILATION_CONDITIONS = DEBUG;
				SWIFT_OPTIMIZATION_LEVEL = "-Onone";
			};
			name = Debug;
		};
		EE1B3C0823B260670031A604 /* Release */ = {
			isa = XCBuildConfiguration;
			buildSettings = {
				ALWAYS_SEARCH_USER_PATHS = NO;
				CLANG_ANALYZER_NONNULL = YES;
				CLANG_ANALYZER_NUMBER_OBJECT_CONVERSION = YES_AGGRESSIVE;
				CLANG_CXX_LANGUAGE_STANDARD = "gnu++14";
				CLANG_CXX_LIBRARY = "libc++";
				CLANG_ENABLE_MODULES = YES;
				CLANG_ENABLE_OBJC_ARC = YES;
				CLANG_ENABLE_OBJC_WEAK = YES;
				CLANG_WARN_BLOCK_CAPTURE_AUTORELEASING = YES;
				CLANG_WARN_BOOL_CONVERSION = YES;
				CLANG_WARN_COMMA = YES;
				CLANG_WARN_CONSTANT_CONVERSION = YES;
				CLANG_WARN_DEPRECATED_OBJC_IMPLEMENTATIONS = YES;
				CLANG_WARN_DIRECT_OBJC_ISA_USAGE = YES_ERROR;
				CLANG_WARN_DOCUMENTATION_COMMENTS = YES;
				CLANG_WARN_EMPTY_BODY = YES;
				CLANG_WARN_ENUM_CONVERSION = YES;
				CLANG_WARN_INFINITE_RECURSION = YES;
				CLANG_WARN_INT_CONVERSION = YES;
				CLANG_WARN_NON_LITERAL_NULL_CONVERSION = YES;
				CLANG_WARN_OBJC_IMPLICIT_RETAIN_SELF = YES;
				CLANG_WARN_OBJC_LITERAL_CONVERSION = YES;
				CLANG_WARN_OBJC_ROOT_CLASS = YES_ERROR;
				CLANG_WARN_RANGE_LOOP_ANALYSIS = YES;
				CLANG_WARN_STRICT_PROTOTYPES = YES;
				CLANG_WARN_SUSPICIOUS_MOVE = YES;
				CLANG_WARN_UNGUARDED_AVAILABILITY = YES_AGGRESSIVE;
				CLANG_WARN_UNREACHABLE_CODE = YES;
				CLANG_WARN__DUPLICATE_METHOD_MATCH = YES;
				COPY_PHASE_STRIP = NO;
				DEBUG_INFORMATION_FORMAT = "dwarf-with-dsym";
				ENABLE_NS_ASSERTIONS = NO;
				ENABLE_STRICT_OBJC_MSGSEND = YES;
				GCC_C_LANGUAGE_STANDARD = gnu11;
				GCC_NO_COMMON_BLOCKS = YES;
				GCC_WARN_64_TO_32_BIT_CONVERSION = YES;
				GCC_WARN_ABOUT_RETURN_TYPE = YES_ERROR;
				GCC_WARN_UNDECLARED_SELECTOR = YES;
				GCC_WARN_UNINITIALIZED_AUTOS = YES_AGGRESSIVE;
				GCC_WARN_UNUSED_FUNCTION = YES;
				GCC_WARN_UNUSED_VARIABLE = YES;
				IPHONEOS_DEPLOYMENT_TARGET = 13.2;
				MTL_ENABLE_DEBUG_INFO = NO;
				MTL_FAST_MATH = YES;
				SDKROOT = iphoneos;
				SWIFT_COMPILATION_MODE = wholemodule;
				SWIFT_OPTIMIZATION_LEVEL = "-O";
				VALIDATE_PRODUCT = YES;
			};
			name = Release;
		};
		EE1B3C0A23B260670031A604 /* Debug */ = {
			isa = XCBuildConfiguration;
			baseConfigurationReference = DB148A0070ED529D5F9D7028 /* Pods-Druwa.debug.xcconfig */;
			buildSettings = {
				ASSETCATALOG_COMPILER_APPICON_NAME = AppIcon;
				CODE_SIGN_STYLE = Automatic;
				CURRENT_PROJECT_VERSION = 2;
				DEVELOPMENT_TEAM = GQ2YK62N76;
				FRAMEWORK_SEARCH_PATHS = (
					"$(inherited)",
					"$(PROJECT_DIR)/Frameworks",
					"$(PROJECT_DIR)",
				);
				INFOPLIST_FILE = Druwa/Info.plist;
				IPHONEOS_DEPLOYMENT_TARGET = 11.0;
				LD_RUNPATH_SEARCH_PATHS = (
					"$(inherited)",
					"@executable_path/Frameworks",
				);
				MARKETING_VERSION = 1.0.0;
				OTHER_LDFLAGS = "-all_load";
				PRODUCT_BUNDLE_IDENTIFIER = com.leeyang.druwa;
				PRODUCT_NAME = D.studio;
				SWIFT_OBJC_BRIDGING_HEADER = "Druwa-Bridging-Header.h";
				SWIFT_VERSION = 5.0;
				TARGETED_DEVICE_FAMILY = 1;
			};
			name = Debug;
		};
		EE1B3C0B23B260670031A604 /* Release */ = {
			isa = XCBuildConfiguration;
			baseConfigurationReference = 3E82280B10B85EFF7E1D4C09 /* Pods-Druwa.release.xcconfig */;
			buildSettings = {
				ASSETCATALOG_COMPILER_APPICON_NAME = AppIcon;
				CODE_SIGN_STYLE = Automatic;
				CURRENT_PROJECT_VERSION = 2;
				DEVELOPMENT_TEAM = GQ2YK62N76;
				FRAMEWORK_SEARCH_PATHS = (
					"$(inherited)",
					"$(PROJECT_DIR)/Frameworks",
					"$(PROJECT_DIR)",
				);
				INFOPLIST_FILE = Druwa/Info.plist;
				IPHONEOS_DEPLOYMENT_TARGET = 11.0;
				LD_RUNPATH_SEARCH_PATHS = (
					"$(inherited)",
					"@executable_path/Frameworks",
				);
				MARKETING_VERSION = 1.0.0;
				OTHER_LDFLAGS = "-all_load";
				PRODUCT_BUNDLE_IDENTIFIER = com.leeyang.druwa;
				PRODUCT_NAME = D.studio;
				SWIFT_OBJC_BRIDGING_HEADER = "Druwa-Bridging-Header.h";
				SWIFT_VERSION = 5.0;
				TARGETED_DEVICE_FAMILY = 1;
			};
			name = Release;
		};
/* End XCBuildConfiguration section */

/* Begin XCConfigurationList section */
		EE1B3BF023B260650031A604 /* Build configuration list for PBXProject "Druwa" */ = {
			isa = XCConfigurationList;
			buildConfigurations = (
				EE1B3C0723B260670031A604 /* Debug */,
				EE1B3C0823B260670031A604 /* Release */,
			);
			defaultConfigurationIsVisible = 0;
			defaultConfigurationName = Release;
		};
		EE1B3C0923B260670031A604 /* Build configuration list for PBXNativeTarget "Druwa" */ = {
			isa = XCConfigurationList;
			buildConfigurations = (
				EE1B3C0A23B260670031A604 /* Debug */,
				EE1B3C0B23B260670031A604 /* Release */,
			);
			defaultConfigurationIsVisible = 0;
			defaultConfigurationName = Release;
		};
/* End XCConfigurationList section */
	};
	rootObject = EE1B3BED23B260650031A604 /* Project object */;
}
