PODS:
  - Alamofire (4.9.1)
  - AlamofireObjectMapper (5.2.1):
    - Alamofire (~> 4.7)
    - ObjectMapper (~> 3.4)
  - IQKeyboardManagerSwift (6.5.5)
  - Kingfisher (5.12.0):
    - Kingfisher/Core (= 5.12.0)
  - Kingfisher/Core (5.12.0)
  - Moya (13.0.1):
    - Moya/Core (= 13.0.1)
  - Moya/Core (13.0.1):
    - Alamofire (~> 4.1)
    - Result (~> 4.1)
  - ObjectMapper (3.5.1)
  - Result (4.1.0)
  - SnapKit (5.0.1)
  - SwiftyBeaver (1.8.3)
  - Toast-Swift (5.0.1)
  - TTADataPickerView (0.4.0)
  - youtube-ios-player-helper-swift (1.1)

DEPENDENCIES:
  - Alamofire
  - AlamofireObjectMapper
  - IQKeyboardManagerSwift
  - Kingfisher
  - Moya
  - ObjectMapper
  - SnapKit
  - SwiftyBeaver
  - Toast-Swift
  - TTADataPickerView
  - youtube-ios-player-helper-swift

SPEC REPOS:
  trunk:
    - Alamofire
    - AlamofireObjectMapper
    - IQKeyboardManagerSwift
    - Kingfisher
    - Moya
    - ObjectMapper
    - Result
    - SnapKit
    - SwiftyBeaver
    - Toast-Swift
    - TTADataPickerView
    - youtube-ios-player-helper-swift

SPEC CHECKSUMS:
  Alamofire: 85e8a02c69d6020a0d734f6054870d7ecb75cf18
  AlamofireObjectMapper: 1989f690e982b71921b9253f53a4f33a9bc00d88
  IQKeyboardManagerSwift: 0fb93310284665245591f50f7a5e38de615960b7
  Kingfisher: dc6e0f53bb5b12c3e75bedb0e01bbd7a640eea69
  Moya: f4a4b80ff2f8a4ffc208dfb31cd91636622fee6e
  ObjectMapper: 70187b8941977c62ccfb423caf6b50be405cabf0
  Result: bd966fac789cc6c1563440b348ab2598cc24d5c7
  SnapKit: 97b92857e3df3a0c71833cce143274bf6ef8e5eb
  SwiftyBeaver: 3d3e93a12d648bd400b6f2948a7ef128b5b183c7
  Toast-Swift: 9b6a70f28b3bf0b96c40d46c0c4b9d6639846711
  TTADataPickerView: 0c212799f5459e1a00392643f203cf3a18cddb6a
  youtube-ios-player-helper-swift: 51a3c5325317c8271d0c7985c1bbe5a252ffb2fd

PODFILE CHECKSUM: 130d1ee5ee1559c65a00d686bb9433a763129e46

COCOAPODS: 1.8.4
